Microsoft Visual Studio Solution File, Format Version 12.00
# Visual Studio Version 17
VisualStudioVersion = 17.5.2.0
MinimumVisualStudioVersion = 10.0.40219.1
Project("{FAE04EC0-301F-11D3-BF4B-00C04F79EFBC}") = "bds_backend", "bds_backend\bds_backend.csproj", "{BF877F1A-A171-34B3-3408-211C157CDD27}"
EndProject
Global
	GlobalSection(SolutionConfigurationPlatforms) = preSolution
		Debug|Any CPU = Debug|Any CPU
		Release|Any CPU = Release|Any CPU
	EndGlobalSection
	GlobalSection(ProjectConfigurationPlatforms) = postSolution
		{BF877F1A-A171-34B3-3408-211C157CDD27}.Debug|Any CPU.ActiveCfg = Debug|Any CPU
		{BF877F1A-A171-34B3-3408-211C157CDD27}.Debug|Any CPU.Build.0 = Debug|Any CPU
		{BF877F1A-A171-34B3-3408-211C157CDD27}.Release|Any CPU.ActiveCfg = Release|Any CPU
		{BF877F1A-A171-34B3-3408-211C157CDD27}.Release|Any CPU.Build.0 = Release|Any CPU
	EndGlobalSection
	GlobalSection(SolutionProperties) = preSolution
		HideSolutionNode = FALSE
	EndGlobalSection
	GlobalSection(ExtensibilityGlobals) = postSolution
		SolutionGuid = {5FF22E0E-1D1D-4913-80EE-28366FFA64C5}
	EndGlobalSection
EndGlobal
